
Microsoft Visual Studio Solution File, Format Version 12.00
# Visual Studio 15
VisualStudioVersion = 15.0.28307.779
MinimumVisualStudioVersion = 10.0.40219.1
Project("{9A19103F-16F7-4668-BE54-9A1E7A4F7556}") = "BooksStore", "BooksStore\BooksStore.csproj", "{0325CB1C-2AD5-49C0-9122-A70BFDB804AB}"
EndProject
Project("{9A19103F-16F7-4668-BE54-9A1E7A4F7556}") = "BookStoreClient", "BookStoreClient\BookStoreClient.csproj", "{42EC4128-E303-46C6-8AF9-60BFB04AA04C}"
EndProject
Project("{9A19103F-16F7-4668-BE54-9A1E7A4F7556}") = "InterfaceDB", "InterfaceDB\InterfaceDB.csproj", "{EFE35509-4E13-4D25-A5BF-A820E83B6F0F}"
EndProject
Project("{9A19103F-16F7-4668-BE54-9A1E7A4F7556}") = "BookStoreClient.Tests", "BookStoreClient.Tests\BookStoreClient.Tests.csproj", "{6CD470F8-9343-46BB-97E9-DFD8E9CF1435}"
EndProject
Project("{9A19103F-16F7-4668-BE54-9A1E7A4F7556}") = "WebClient", "WebClient\WebClient.csproj", "{201F646A-3163-4E31-9E89-0ED48BE9723C}"
EndProject
Project("{FAE04EC0-301F-11D3-BF4B-00C04F79EFBC}") = "WebClientBack", "WebClientBack\WebClientBack.csproj", "{3E79DF40-6458-4F83-871A-4463D94C6AA1}"
EndProject
Global
	GlobalSection(SolutionConfigurationPlatforms) = preSolution
		Debug|Any CPU = Debug|Any CPU
		package|Any CPU = package|Any CPU
		Release|Any CPU = Release|Any CPU
	EndGlobalSection
	GlobalSection(ProjectConfigurationPlatforms) = postSolution
		{0325CB1C-2AD5-49C0-9122-A70BFDB804AB}.Debug|Any CPU.ActiveCfg = Debug|Any CPU
		{0325CB1C-2AD5-49C0-9122-A70BFDB804AB}.Debug|Any CPU.Build.0 = Debug|Any CPU
		{0325CB1C-2AD5-49C0-9122-A70BFDB804AB}.package|Any CPU.ActiveCfg = Debug|Any CPU
		{0325CB1C-2AD5-49C0-9122-A70BFDB804AB}.package|Any CPU.Build.0 = Debug|Any CPU
		{0325CB1C-2AD5-49C0-9122-A70BFDB804AB}.Release|Any CPU.ActiveCfg = Release|Any CPU
		{0325CB1C-2AD5-49C0-9122-A70BFDB804AB}.Release|Any CPU.Build.0 = Release|Any CPU
		{42EC4128-E303-46C6-8AF9-60BFB04AA04C}.Debug|Any CPU.ActiveCfg = Debug|Any CPU
		{42EC4128-E303-46C6-8AF9-60BFB04AA04C}.Debug|Any CPU.Build.0 = Debug|Any CPU
		{42EC4128-E303-46C6-8AF9-60BFB04AA04C}.package|Any CPU.ActiveCfg = Debug|Any CPU
		{42EC4128-E303-46C6-8AF9-60BFB04AA04C}.package|Any CPU.Build.0 = Debug|Any CPU
		{42EC4128-E303-46C6-8AF9-60BFB04AA04C}.Release|Any CPU.ActiveCfg = Release|Any CPU
		{42EC4128-E303-46C6-8AF9-60BFB04AA04C}.Release|Any CPU.Build.0 = Release|Any CPU
		{EFE35509-4E13-4D25-A5BF-A820E83B6F0F}.Debug|Any CPU.ActiveCfg = Debug|Any CPU
		{EFE35509-4E13-4D25-A5BF-A820E83B6F0F}.Debug|Any CPU.Build.0 = Debug|Any CPU
		{EFE35509-4E13-4D25-A5BF-A820E83B6F0F}.package|Any CPU.ActiveCfg = Debug|Any CPU
		{EFE35509-4E13-4D25-A5BF-A820E83B6F0F}.package|Any CPU.Build.0 = Debug|Any CPU
		{EFE35509-4E13-4D25-A5BF-A820E83B6F0F}.Release|Any CPU.ActiveCfg = Release|Any CPU
		{EFE35509-4E13-4D25-A5BF-A820E83B6F0F}.Release|Any CPU.Build.0 = Release|Any CPU
		{6CD470F8-9343-46BB-97E9-DFD8E9CF1435}.Debug|Any CPU.ActiveCfg = Debug|Any CPU
		{6CD470F8-9343-46BB-97E9-DFD8E9CF1435}.Debug|Any CPU.Build.0 = Debug|Any CPU
		{6CD470F8-9343-46BB-97E9-DFD8E9CF1435}.package|Any CPU.ActiveCfg = Debug|Any CPU
		{6CD470F8-9343-46BB-97E9-DFD8E9CF1435}.package|Any CPU.Build.0 = Debug|Any CPU
		{6CD470F8-9343-46BB-97E9-DFD8E9CF1435}.Release|Any CPU.ActiveCfg = Release|Any CPU
		{6CD470F8-9343-46BB-97E9-DFD8E9CF1435}.Release|Any CPU.Build.0 = Release|Any CPU
		{201F646A-3163-4E31-9E89-0ED48BE9723C}.Debug|Any CPU.ActiveCfg = Debug|Any CPU
		{201F646A-3163-4E31-9E89-0ED48BE9723C}.Debug|Any CPU.Build.0 = Debug|Any CPU
		{201F646A-3163-4E31-9E89-0ED48BE9723C}.package|Any CPU.ActiveCfg = Debug|Any CPU
		{201F646A-3163-4E31-9E89-0ED48BE9723C}.package|Any CPU.Build.0 = Debug|Any CPU
		{201F646A-3163-4E31-9E89-0ED48BE9723C}.Release|Any CPU.ActiveCfg = Release|Any CPU
		{201F646A-3163-4E31-9E89-0ED48BE9723C}.Release|Any CPU.Build.0 = Release|Any CPU
		{3E79DF40-6458-4F83-871A-4463D94C6AA1}.Debug|Any CPU.ActiveCfg = Debug|Any CPU
		{3E79DF40-6458-4F83-871A-4463D94C6AA1}.Debug|Any CPU.Build.0 = Debug|Any CPU
		{3E79DF40-6458-4F83-871A-4463D94C6AA1}.package|Any CPU.ActiveCfg = Debug|Any CPU
		{3E79DF40-6458-4F83-871A-4463D94C6AA1}.package|Any CPU.Build.0 = Debug|Any CPU
		{3E79DF40-6458-4F83-871A-4463D94C6AA1}.Release|Any CPU.ActiveCfg = Release|Any CPU
		{3E79DF40-6458-4F83-871A-4463D94C6AA1}.Release|Any CPU.Build.0 = Release|Any CPU
	EndGlobalSection
	GlobalSection(SolutionProperties) = preSolution
		HideSolutionNode = FALSE
	EndGlobalSection
	GlobalSection(ExtensibilityGlobals) = postSolution
		SolutionGuid = {F2F10A6A-7C6B-4BAA-BF47-11FA3943D8A1}
	EndGlobalSection
EndGlobal
