
Microsoft Visual Studio Solution File, Format Version 12.00
# Visual Studio Version 16
VisualStudioVersion = 16.0.30309.148
MinimumVisualStudioVersion = 10.0.40219.1
Project("{9A19103F-16F7-4668-BE54-9A1E7A4F7556}") = "Model", "Model\Model.csproj", "{EFE35509-4E13-4D25-A5BF-A820E83B6F0F}"
EndProject
Project("{9A19103F-16F7-4668-BE54-9A1E7A4F7556}") = "Service", "Service\Service.csproj", "{ED6D8587-195E-4EAB-A322-C4311265AFEF}"
EndProject
Project("{9A19103F-16F7-4668-BE54-9A1E7A4F7556}") = "API", "API\API.csproj", "{8FE8EEAF-87FB-4B04-9840-D9A2D6514C31}"
EndProject
Project("{9A19103F-16F7-4668-BE54-9A1E7A4F7556}") = "ViewModel", "ViewModel\ViewModel.csproj", "{DC0BBD28-44CD-4696-BC7B-C86B9AA3C063}"
EndProject
Project("{FAE04EC0-301F-11D3-BF4B-00C04F79EFBC}") = "Test", "Test\Test.csproj", "{DAA9180E-1160-45E0-A36C-FB6947D96699}"
EndProject
Global
	GlobalSection(SolutionConfigurationPlatforms) = preSolution
		Debug|Any CPU = Debug|Any CPU
		package|Any CPU = package|Any CPU
		Release|Any CPU = Release|Any CPU
	EndGlobalSection
	GlobalSection(ProjectConfigurationPlatforms) = postSolution
		{EFE35509-4E13-4D25-A5BF-A820E83B6F0F}.Debug|Any CPU.ActiveCfg = Debug|Any CPU
		{EFE35509-4E13-4D25-A5BF-A820E83B6F0F}.Debug|Any CPU.Build.0 = Debug|Any CPU
		{EFE35509-4E13-4D25-A5BF-A820E83B6F0F}.package|Any CPU.ActiveCfg = Debug|Any CPU
		{EFE35509-4E13-4D25-A5BF-A820E83B6F0F}.package|Any CPU.Build.0 = Debug|Any CPU
		{EFE35509-4E13-4D25-A5BF-A820E83B6F0F}.Release|Any CPU.ActiveCfg = Release|Any CPU
		{EFE35509-4E13-4D25-A5BF-A820E83B6F0F}.Release|Any CPU.Build.0 = Release|Any CPU
		{ED6D8587-195E-4EAB-A322-C4311265AFEF}.Debug|Any CPU.ActiveCfg = Debug|Any CPU
		{ED6D8587-195E-4EAB-A322-C4311265AFEF}.Debug|Any CPU.Build.0 = Debug|Any CPU
		{ED6D8587-195E-4EAB-A322-C4311265AFEF}.package|Any CPU.ActiveCfg = Debug|Any CPU
		{ED6D8587-195E-4EAB-A322-C4311265AFEF}.package|Any CPU.Build.0 = Debug|Any CPU
		{ED6D8587-195E-4EAB-A322-C4311265AFEF}.Release|Any CPU.ActiveCfg = Release|Any CPU
		{ED6D8587-195E-4EAB-A322-C4311265AFEF}.Release|Any CPU.Build.0 = Release|Any CPU
		{8FE8EEAF-87FB-4B04-9840-D9A2D6514C31}.Debug|Any CPU.ActiveCfg = Debug|Any CPU
		{8FE8EEAF-87FB-4B04-9840-D9A2D6514C31}.Debug|Any CPU.Build.0 = Debug|Any CPU
		{8FE8EEAF-87FB-4B04-9840-D9A2D6514C31}.package|Any CPU.ActiveCfg = Debug|Any CPU
		{8FE8EEAF-87FB-4B04-9840-D9A2D6514C31}.package|Any CPU.Build.0 = Debug|Any CPU
		{8FE8EEAF-87FB-4B04-9840-D9A2D6514C31}.Release|Any CPU.ActiveCfg = Release|Any CPU
		{8FE8EEAF-87FB-4B04-9840-D9A2D6514C31}.Release|Any CPU.Build.0 = Release|Any CPU
		{DC0BBD28-44CD-4696-BC7B-C86B9AA3C063}.Debug|Any CPU.ActiveCfg = Debug|Any CPU
		{DC0BBD28-44CD-4696-BC7B-C86B9AA3C063}.Debug|Any CPU.Build.0 = Debug|Any CPU
		{DC0BBD28-44CD-4696-BC7B-C86B9AA3C063}.package|Any CPU.ActiveCfg = Debug|Any CPU
		{DC0BBD28-44CD-4696-BC7B-C86B9AA3C063}.package|Any CPU.Build.0 = Debug|Any CPU
		{DC0BBD28-44CD-4696-BC7B-C86B9AA3C063}.Release|Any CPU.ActiveCfg = Release|Any CPU
		{DC0BBD28-44CD-4696-BC7B-C86B9AA3C063}.Release|Any CPU.Build.0 = Release|Any CPU
		{DAA9180E-1160-45E0-A36C-FB6947D96699}.Debug|Any CPU.ActiveCfg = Debug|Any CPU
		{DAA9180E-1160-45E0-A36C-FB6947D96699}.Debug|Any CPU.Build.0 = Debug|Any CPU
		{DAA9180E-1160-45E0-A36C-FB6947D96699}.package|Any CPU.ActiveCfg = Debug|Any CPU
		{DAA9180E-1160-45E0-A36C-FB6947D96699}.package|Any CPU.Build.0 = Debug|Any CPU
		{DAA9180E-1160-45E0-A36C-FB6947D96699}.Release|Any CPU.ActiveCfg = Release|Any CPU
		{DAA9180E-1160-45E0-A36C-FB6947D96699}.Release|Any CPU.Build.0 = Release|Any CPU
	EndGlobalSection
	GlobalSection(SolutionProperties) = preSolution
		HideSolutionNode = FALSE
	EndGlobalSection
	GlobalSection(ExtensibilityGlobals) = postSolution
		SolutionGuid = {F2F10A6A-7C6B-4BAA-BF47-11FA3943D8A1}
	EndGlobalSection
EndGlobal
